
Microsoft Visual Studio Solution File, Format Version 12.00
# Visual Studio Version 16
VisualStudioVersion = 16.0.30804.86
MinimumVisualStudioVersion = 10.0.40219.1
Project("{2150E333-8FDC-42A3-9474-1A3956D46DE8}") = "Application", "Application", "{F25E8F21-1800-4B72-AC03-884A22DF0F5D}"
EndProject
Project("{FAE04EC0-301F-11D3-BF4B-00C04F79EFBC}") = "Crud.Api", "Crud.Api\Crud.Api.csproj", "{02C87955-D283-4630-AB47-F5DEE6C9A93B}"
EndProject
Project("{2150E333-8FDC-42A3-9474-1A3956D46DE8}") = "Domain", "Domain", "{6BCFCC75-45E7-40BB-B784-1D95B2451C2A}"
EndProject
Project("{FAE04EC0-301F-11D3-BF4B-00C04F79EFBC}") = "Crud.Domain", "Crud.Domain\Crud.Domain.csproj", "{9D44D04D-B0C5-45BE-A681-D0BB6E8B8AF1}"
EndProject
Project("{2150E333-8FDC-42A3-9474-1A3956D46DE8}") = "Infra", "Infra", "{73B2C506-001A-43F0-BF8B-D4483D2A6DAB}"
EndProject
Project("{2150E333-8FDC-42A3-9474-1A3956D46DE8}") = "Data", "Data", "{AC0C18D8-0823-45B5-92C9-0CFB660D7A8D}"
EndProject
Project("{2150E333-8FDC-42A3-9474-1A3956D46DE8}") = "CrossCutting", "CrossCutting", "{5AE41FF4-03A1-4FC1-A748-A7B24922E778}"
EndProject
Project("{2150E333-8FDC-42A3-9474-1A3956D46DE8}") = "Services", "Services", "{C67FE634-E55D-4B03-9A80-C0E05F925D51}"
EndProject
Project("{FAE04EC0-301F-11D3-BF4B-00C04F79EFBC}") = "Crud.Services", "Crud.Services\Crud.Services.csproj", "{69A9CF62-EA4F-44B3-913D-CBCFD1AB8D2F}"
EndProject
Project("{FAE04EC0-301F-11D3-BF4B-00C04F79EFBC}") = "Crud.Infra.Data", "Crud.Infra.Data\Crud.Infra.Data.csproj", "{234B080D-187A-4646-ADED-58F2E2978F85}"
EndProject
Project("{FAE04EC0-301F-11D3-BF4B-00C04F79EFBC}") = "Crud.Infra.CrossCutting", "Crud.Infra.CrossCutting\Crud.Infra.CrossCutting.csproj", "{682864C5-0560-4F2C-87B1-3FE9753B4474}"
EndProject
Project("{2150E333-8FDC-42A3-9474-1A3956D46DE8}") = "Shared", "Shared", "{2FD08B68-2D24-4B29-A53F-767D82FEAE93}"
EndProject
Project("{FAE04EC0-301F-11D3-BF4B-00C04F79EFBC}") = "Crud.Infra.Shared", "Crud.Infra.Shared\Crud.Infra.Shared.csproj", "{43E0784E-016C-418B-A678-77D0191AB105}"
EndProject
Global
	GlobalSection(SolutionConfigurationPlatforms) = preSolution
		Debug|Any CPU = Debug|Any CPU
		Release|Any CPU = Release|Any CPU
	EndGlobalSection
	GlobalSection(ProjectConfigurationPlatforms) = postSolution
		{02C87955-D283-4630-AB47-F5DEE6C9A93B}.Debug|Any CPU.ActiveCfg = Debug|Any CPU
		{02C87955-D283-4630-AB47-F5DEE6C9A93B}.Debug|Any CPU.Build.0 = Debug|Any CPU
		{02C87955-D283-4630-AB47-F5DEE6C9A93B}.Release|Any CPU.ActiveCfg = Release|Any CPU
		{02C87955-D283-4630-AB47-F5DEE6C9A93B}.Release|Any CPU.Build.0 = Release|Any CPU
		{9D44D04D-B0C5-45BE-A681-D0BB6E8B8AF1}.Debug|Any CPU.ActiveCfg = Debug|Any CPU
		{9D44D04D-B0C5-45BE-A681-D0BB6E8B8AF1}.Debug|Any CPU.Build.0 = Debug|Any CPU
		{9D44D04D-B0C5-45BE-A681-D0BB6E8B8AF1}.Release|Any CPU.ActiveCfg = Release|Any CPU
		{9D44D04D-B0C5-45BE-A681-D0BB6E8B8AF1}.Release|Any CPU.Build.0 = Release|Any CPU
		{69A9CF62-EA4F-44B3-913D-CBCFD1AB8D2F}.Debug|Any CPU.ActiveCfg = Debug|Any CPU
		{69A9CF62-EA4F-44B3-913D-CBCFD1AB8D2F}.Debug|Any CPU.Build.0 = Debug|Any CPU
		{69A9CF62-EA4F-44B3-913D-CBCFD1AB8D2F}.Release|Any CPU.ActiveCfg = Release|Any CPU
		{69A9CF62-EA4F-44B3-913D-CBCFD1AB8D2F}.Release|Any CPU.Build.0 = Release|Any CPU
		{234B080D-187A-4646-ADED-58F2E2978F85}.Debug|Any CPU.ActiveCfg = Debug|Any CPU
		{234B080D-187A-4646-ADED-58F2E2978F85}.Debug|Any CPU.Build.0 = Debug|Any CPU
		{234B080D-187A-4646-ADED-58F2E2978F85}.Release|Any CPU.ActiveCfg = Release|Any CPU
		{234B080D-187A-4646-ADED-58F2E2978F85}.Release|Any CPU.Build.0 = Release|Any CPU
		{682864C5-0560-4F2C-87B1-3FE9753B4474}.Debug|Any CPU.ActiveCfg = Debug|Any CPU
		{682864C5-0560-4F2C-87B1-3FE9753B4474}.Debug|Any CPU.Build.0 = Debug|Any CPU
		{682864C5-0560-4F2C-87B1-3FE9753B4474}.Release|Any CPU.ActiveCfg = Release|Any CPU
		{682864C5-0560-4F2C-87B1-3FE9753B4474}.Release|Any CPU.Build.0 = Release|Any CPU
		{43E0784E-016C-418B-A678-77D0191AB105}.Debug|Any CPU.ActiveCfg = Debug|Any CPU
		{43E0784E-016C-418B-A678-77D0191AB105}.Debug|Any CPU.Build.0 = Debug|Any CPU
		{43E0784E-016C-418B-A678-77D0191AB105}.Release|Any CPU.ActiveCfg = Release|Any CPU
		{43E0784E-016C-418B-A678-77D0191AB105}.Release|Any CPU.Build.0 = Release|Any CPU
	EndGlobalSection
	GlobalSection(SolutionProperties) = preSolution
		HideSolutionNode = FALSE
	EndGlobalSection
	GlobalSection(NestedProjects) = preSolution
		{02C87955-D283-4630-AB47-F5DEE6C9A93B} = {F25E8F21-1800-4B72-AC03-884A22DF0F5D}
		{9D44D04D-B0C5-45BE-A681-D0BB6E8B8AF1} = {6BCFCC75-45E7-40BB-B784-1D95B2451C2A}
		{AC0C18D8-0823-45B5-92C9-0CFB660D7A8D} = {73B2C506-001A-43F0-BF8B-D4483D2A6DAB}
		{5AE41FF4-03A1-4FC1-A748-A7B24922E778} = {73B2C506-001A-43F0-BF8B-D4483D2A6DAB}
		{69A9CF62-EA4F-44B3-913D-CBCFD1AB8D2F} = {C67FE634-E55D-4B03-9A80-C0E05F925D51}
		{234B080D-187A-4646-ADED-58F2E2978F85} = {AC0C18D8-0823-45B5-92C9-0CFB660D7A8D}
		{682864C5-0560-4F2C-87B1-3FE9753B4474} = {5AE41FF4-03A1-4FC1-A748-A7B24922E778}
		{2FD08B68-2D24-4B29-A53F-767D82FEAE93} = {73B2C506-001A-43F0-BF8B-D4483D2A6DAB}
		{43E0784E-016C-418B-A678-77D0191AB105} = {2FD08B68-2D24-4B29-A53F-767D82FEAE93}
	EndGlobalSection
	GlobalSection(ExtensibilityGlobals) = postSolution
		SolutionGuid = {7A2FA014-C565-44E9-B7EF-69C3C4E6EC0C}
	EndGlobalSection
EndGlobal
